
Microsoft Visual Studio Solution File, Format Version 12.00
Project("{2150E333-8FDC-42A3-9474-1A3956D46DE8}") = "Solution Items", "Solution Items", "{DD83C96B-D781-4FCB-A5EB-011CFD84F0DA}"
	ProjectSection(SolutionItems) = preProject
		docker-compose.yml = docker-compose.yml
	EndProjectSection
EndProject
Project("{FAE04EC0-301F-11D3-BF4B-00C04F79EFBC}") = "FIRST.Utilities.Entities", "FIRST.Utilities.Entities\FIRST.Utilities.Entities.csproj", "{7EF89814-0C45-4274-9D73-8AF4AB96C0F2}"
EndProject
Project("{FAE04EC0-301F-11D3-BF4B-00C04F79EFBC}") = "FIRST.Utilities.Data", "FIRST.Utilities.Data\FIRST.Utilities.Data.csproj", "{4ACDEA53-C8DE-4883-9A24-683D3BE21E17}"
EndProject
Project("{FAE04EC0-301F-11D3-BF4B-00C04F79EFBC}") = "FIRST.Utilities.Repositories", "FIRST.Utilities.Repositories\FIRST.Utilities.Repositories.csproj", "{D8C3D995-7623-4DFA-99BD-FE218787B009}"
EndProject
Project("{FAE04EC0-301F-11D3-BF4B-00C04F79EFBC}") = "FIRST.Utilities.DataServices", "FIRST.Utilities.DataServices\FIRST.Utilities.DataServices.csproj", "{C3B0A0F1-05AE-4535-80B3-9BDB891C1963}"
EndProject
Project("{FAE04EC0-301F-11D3-BF4B-00C04F79EFBC}") = "FIRST.Utilities.WebServices", "FIRST.Utilities.WebServices\FIRST.Utilities.WebServices.csproj", "{FA8CA6B7-8E08-4292-BFB9-D11DD0E1B7A3}"
EndProject
Project("{FAE04EC0-301F-11D3-BF4B-00C04F79EFBC}") = "FIRST.Utilities.Configuration", "FIRST.Utilities.Configuration\FIRST.Utilities.Configuration.csproj", "{BB2108CE-2668-4FDF-A976-E6218BF49843}"
EndProject
Project("{FAE04EC0-301F-11D3-BF4B-00C04F79EFBC}") = "FIRST.Utilities.WebServices.Test", "FIRST.Utilities.WebServices.Test\FIRST.Utilities.WebServices.Test.csproj", "{8817DBA8-BE59-4E43-B89E-A7A2F8DE996B}"
EndProject
Project("{FAE04EC0-301F-11D3-BF4B-00C04F79EFBC}") = "FIRST.Utilities.Client", "FIRST.Utilities.Client\FIRST.Utilities.Client.csproj", "{7142A1DB-08DE-447C-98F1-0E1EBB1CFA34}"
EndProject
Project("{FAE04EC0-301F-11D3-BF4B-00C04F79EFBC}") = "FIRST.Utilities", "FIRST.Utilities\FIRST.Utilities.csproj", "{549E69D5-20D3-4E6E-9052-B893334F51EB}"
EndProject
Global
	GlobalSection(SolutionConfigurationPlatforms) = preSolution
		Debug|Any CPU = Debug|Any CPU
		Release|Any CPU = Release|Any CPU
	EndGlobalSection
	GlobalSection(ProjectConfigurationPlatforms) = postSolution
		{7EF89814-0C45-4274-9D73-8AF4AB96C0F2}.Debug|Any CPU.ActiveCfg = Debug|Any CPU
		{7EF89814-0C45-4274-9D73-8AF4AB96C0F2}.Debug|Any CPU.Build.0 = Debug|Any CPU
		{7EF89814-0C45-4274-9D73-8AF4AB96C0F2}.Release|Any CPU.ActiveCfg = Release|Any CPU
		{7EF89814-0C45-4274-9D73-8AF4AB96C0F2}.Release|Any CPU.Build.0 = Release|Any CPU
		{4ACDEA53-C8DE-4883-9A24-683D3BE21E17}.Debug|Any CPU.ActiveCfg = Debug|Any CPU
		{4ACDEA53-C8DE-4883-9A24-683D3BE21E17}.Debug|Any CPU.Build.0 = Debug|Any CPU
		{4ACDEA53-C8DE-4883-9A24-683D3BE21E17}.Release|Any CPU.ActiveCfg = Release|Any CPU
		{4ACDEA53-C8DE-4883-9A24-683D3BE21E17}.Release|Any CPU.Build.0 = Release|Any CPU
		{D8C3D995-7623-4DFA-99BD-FE218787B009}.Debug|Any CPU.ActiveCfg = Debug|Any CPU
		{D8C3D995-7623-4DFA-99BD-FE218787B009}.Debug|Any CPU.Build.0 = Debug|Any CPU
		{D8C3D995-7623-4DFA-99BD-FE218787B009}.Release|Any CPU.ActiveCfg = Release|Any CPU
		{D8C3D995-7623-4DFA-99BD-FE218787B009}.Release|Any CPU.Build.0 = Release|Any CPU
		{C3B0A0F1-05AE-4535-80B3-9BDB891C1963}.Debug|Any CPU.ActiveCfg = Debug|Any CPU
		{C3B0A0F1-05AE-4535-80B3-9BDB891C1963}.Debug|Any CPU.Build.0 = Debug|Any CPU
		{C3B0A0F1-05AE-4535-80B3-9BDB891C1963}.Release|Any CPU.ActiveCfg = Release|Any CPU
		{C3B0A0F1-05AE-4535-80B3-9BDB891C1963}.Release|Any CPU.Build.0 = Release|Any CPU
		{FA8CA6B7-8E08-4292-BFB9-D11DD0E1B7A3}.Debug|Any CPU.ActiveCfg = Debug|Any CPU
		{FA8CA6B7-8E08-4292-BFB9-D11DD0E1B7A3}.Debug|Any CPU.Build.0 = Debug|Any CPU
		{FA8CA6B7-8E08-4292-BFB9-D11DD0E1B7A3}.Release|Any CPU.ActiveCfg = Release|Any CPU
		{FA8CA6B7-8E08-4292-BFB9-D11DD0E1B7A3}.Release|Any CPU.Build.0 = Release|Any CPU
		{BB2108CE-2668-4FDF-A976-E6218BF49843}.Debug|Any CPU.ActiveCfg = Debug|Any CPU
		{BB2108CE-2668-4FDF-A976-E6218BF49843}.Debug|Any CPU.Build.0 = Debug|Any CPU
		{BB2108CE-2668-4FDF-A976-E6218BF49843}.Release|Any CPU.ActiveCfg = Release|Any CPU
		{BB2108CE-2668-4FDF-A976-E6218BF49843}.Release|Any CPU.Build.0 = Release|Any CPU
		{8817DBA8-BE59-4E43-B89E-A7A2F8DE996B}.Debug|Any CPU.ActiveCfg = Debug|Any CPU
		{8817DBA8-BE59-4E43-B89E-A7A2F8DE996B}.Debug|Any CPU.Build.0 = Debug|Any CPU
		{8817DBA8-BE59-4E43-B89E-A7A2F8DE996B}.Release|Any CPU.ActiveCfg = Release|Any CPU
		{8817DBA8-BE59-4E43-B89E-A7A2F8DE996B}.Release|Any CPU.Build.0 = Release|Any CPU
		{7142A1DB-08DE-447C-98F1-0E1EBB1CFA34}.Debug|Any CPU.ActiveCfg = Debug|Any CPU
		{7142A1DB-08DE-447C-98F1-0E1EBB1CFA34}.Debug|Any CPU.Build.0 = Debug|Any CPU
		{7142A1DB-08DE-447C-98F1-0E1EBB1CFA34}.Release|Any CPU.ActiveCfg = Release|Any CPU
		{7142A1DB-08DE-447C-98F1-0E1EBB1CFA34}.Release|Any CPU.Build.0 = Release|Any CPU
		{549E69D5-20D3-4E6E-9052-B893334F51EB}.Debug|Any CPU.ActiveCfg = Debug|Any CPU
		{549E69D5-20D3-4E6E-9052-B893334F51EB}.Debug|Any CPU.Build.0 = Debug|Any CPU
		{549E69D5-20D3-4E6E-9052-B893334F51EB}.Release|Any CPU.ActiveCfg = Release|Any CPU
		{549E69D5-20D3-4E6E-9052-B893334F51EB}.Release|Any CPU.Build.0 = Release|Any CPU
	EndGlobalSection
EndGlobal
