
Microsoft Visual Studio Solution File, Format Version 12.00
Project("{FAE04EC0-301F-11D3-BF4B-00C04F79EFBC}") = "FIRST.Utilities", "FIRST.Utilities\FIRST.Utilities\FIRST.Utilities.csproj", "{79F0CE21-90FA-468A-B003-78EF35F96161}"
EndProject
Project("{FAE04EC0-301F-11D3-BF4B-00C04F79EFBC}") = "FIRST.Utilities.Client", "FIRST.Utilities\FIRST.Utilities.Client\FIRST.Utilities.Client.csproj", "{99A3D869-7FC4-43BD-8EBB-3D660AA77307}"
EndProject
Project("{2150E333-8FDC-42A3-9474-1A3956D46DE8}") = "Solution Items", "Solution Items", "{DD83C96B-D781-4FCB-A5EB-011CFD84F0DA}"
	ProjectSection(SolutionItems) = preProject
		docker-compose.yml = docker-compose.yml
	EndProjectSection
EndProject
Project("{FAE04EC0-301F-11D3-BF4B-00C04F79EFBC}") = "FIRST.Utilities.Test", "FIRST.Utilities\FIRST.Utilities.Test\FIRST.Utilities.Test.csproj", "{D22BD7C3-2221-4787-96E2-B0BFE6C52968}"
EndProject
Global
	GlobalSection(SolutionConfigurationPlatforms) = preSolution
		Debug|Any CPU = Debug|Any CPU
		Release|Any CPU = Release|Any CPU
	EndGlobalSection
	GlobalSection(ProjectConfigurationPlatforms) = postSolution
		{79F0CE21-90FA-468A-B003-78EF35F96161}.Debug|Any CPU.ActiveCfg = Debug|Any CPU
		{79F0CE21-90FA-468A-B003-78EF35F96161}.Debug|Any CPU.Build.0 = Debug|Any CPU
		{79F0CE21-90FA-468A-B003-78EF35F96161}.Release|Any CPU.ActiveCfg = Release|Any CPU
		{79F0CE21-90FA-468A-B003-78EF35F96161}.Release|Any CPU.Build.0 = Release|Any CPU
		{99A3D869-7FC4-43BD-8EBB-3D660AA77307}.Debug|Any CPU.ActiveCfg = Debug|Any CPU
		{99A3D869-7FC4-43BD-8EBB-3D660AA77307}.Debug|Any CPU.Build.0 = Debug|Any CPU
		{99A3D869-7FC4-43BD-8EBB-3D660AA77307}.Release|Any CPU.ActiveCfg = Release|Any CPU
		{99A3D869-7FC4-43BD-8EBB-3D660AA77307}.Release|Any CPU.Build.0 = Release|Any CPU
		{D22BD7C3-2221-4787-96E2-B0BFE6C52968}.Debug|Any CPU.ActiveCfg = Debug|Any CPU
		{D22BD7C3-2221-4787-96E2-B0BFE6C52968}.Debug|Any CPU.Build.0 = Debug|Any CPU
		{D22BD7C3-2221-4787-96E2-B0BFE6C52968}.Release|Any CPU.ActiveCfg = Release|Any CPU
		{D22BD7C3-2221-4787-96E2-B0BFE6C52968}.Release|Any CPU.Build.0 = Release|Any CPU
	EndGlobalSection
EndGlobal
